
Microsoft Visual Studio Solution File, Format Version 12.00
# Visual Studio Version 16
VisualStudioVersion = 16.0.30907.101
MinimumVisualStudioVersion = 10.0.40219.1
Project("{FAE04EC0-301F-11D3-BF4B-00C04F79EFBC}") = "KhadijaSadki_EindtestFundamentals", "KhadijaSadki_EindtestFundamentals\KhadijaSadki_EindtestFundamentals.csproj", "{798E9E76-AA63-44C5-A0DB-55A75D8452FC}"
EndProject
Global
	GlobalSection(SolutionConfigurationPlatforms) = preSolution
		Debug|Any CPU = Debug|Any CPU
		Release|Any CPU = Release|Any CPU
	EndGlobalSection
	GlobalSection(ProjectConfigurationPlatforms) = postSolution
		{798E9E76-AA63-44C5-A0DB-55A75D8452FC}.Debug|Any CPU.ActiveCfg = Debug|Any CPU
		{798E9E76-AA63-44C5-A0DB-55A75D8452FC}.Debug|Any CPU.Build.0 = Debug|Any CPU
		{798E9E76-AA63-44C5-A0DB-55A75D8452FC}.Release|Any CPU.ActiveCfg = Release|Any CPU
		{798E9E76-AA63-44C5-A0DB-55A75D8452FC}.Release|Any CPU.Build.0 = Release|Any CPU
	EndGlobalSection
	GlobalSection(SolutionProperties) = preSolution
		HideSolutionNode = FALSE
	EndGlobalSection
	GlobalSection(ExtensibilityGlobals) = postSolution
		SolutionGuid = {54DE8204-8BD7-403C-814E-E973A5D45FE9}
	EndGlobalSection
EndGlobal
